
Microsoft Visual Studio Solution File, Format Version 12.00
# Visual Studio 2012
Project("{FAE04EC0-301F-11D3-BF4B-00C04F79EFBC}") = "Slowered", "Slowered\Slowered.csproj", "{B0DFFF66-67EB-4B3E-AA30-DBDE72FAE498}"
EndProject
Project("{FAE04EC0-301F-11D3-BF4B-00C04F79EFBC}") = "Slowered.Tests", "Slowered.Tests\Slowered.Tests.csproj", "{F5EBDDB2-AB92-4ADD-950F-86F7749783B9}"
EndProject
Global
	GlobalSection(SolutionConfigurationPlatforms) = preSolution
		Debug|Any CPU = Debug|Any CPU
		Release|Any CPU = Release|Any CPU
	EndGlobalSection
	GlobalSection(ProjectConfigurationPlatforms) = postSolution
		{B0DFFF66-67EB-4B3E-AA30-DBDE72FAE498}.Debug|Any CPU.ActiveCfg = Debug|Any CPU
		{B0DFFF66-67EB-4B3E-AA30-DBDE72FAE498}.Debug|Any CPU.Build.0 = Debug|Any CPU
		{B0DFFF66-67EB-4B3E-AA30-DBDE72FAE498}.Release|Any CPU.ActiveCfg = Release|Any CPU
		{B0DFFF66-67EB-4B3E-AA30-DBDE72FAE498}.Release|Any CPU.Build.0 = Release|Any CPU
		{F5EBDDB2-AB92-4ADD-950F-86F7749783B9}.Debug|Any CPU.ActiveCfg = Debug|Any CPU
		{F5EBDDB2-AB92-4ADD-950F-86F7749783B9}.Debug|Any CPU.Build.0 = Debug|Any CPU
		{F5EBDDB2-AB92-4ADD-950F-86F7749783B9}.Release|Any CPU.ActiveCfg = Release|Any CPU
		{F5EBDDB2-AB92-4ADD-950F-86F7749783B9}.Release|Any CPU.Build.0 = Release|Any CPU
	EndGlobalSection
	GlobalSection(MonoDevelopProperties) = preSolution
		StartupItem = Slowered\Slowered.csproj
	EndGlobalSection
EndGlobal
